
Microsoft Visual Studio Solution File, Format Version 12.00
# Visual Studio Version 17
VisualStudioVersion = 17.0.31903.59
MinimumVisualStudioVersion = 10.0.40219.1
Project("{FAE04EC0-301F-11D3-BF4B-00C04F79EFBC}") = "Classes", "Classes\Classes.csproj", "{D2898CDA-D8C7-410D-B768-A3F575EC04BC}"
EndProject
Project("{FAE04EC0-301F-11D3-BF4B-00C04F79EFBC}") = "Classes.Tests", "Classes.Tests\Classes.Tests.csproj", "{1A70084D-4127-431C-B9CF-63F1D7369A7D}"
EndProject
Global
	GlobalSection(SolutionConfigurationPlatforms) = preSolution
		Debug|Any CPU = Debug|Any CPU
		Release|Any CPU = Release|Any CPU
	EndGlobalSection
	GlobalSection(SolutionProperties) = preSolution
		HideSolutionNode = FALSE
	EndGlobalSection
	GlobalSection(ProjectConfigurationPlatforms) = postSolution
		{D2898CDA-D8C7-410D-B768-A3F575EC04BC}.Debug|Any CPU.ActiveCfg = Debug|Any CPU
		{D2898CDA-D8C7-410D-B768-A3F575EC04BC}.Debug|Any CPU.Build.0 = Debug|Any CPU
		{D2898CDA-D8C7-410D-B768-A3F575EC04BC}.Release|Any CPU.ActiveCfg = Release|Any CPU
		{D2898CDA-D8C7-410D-B768-A3F575EC04BC}.Release|Any CPU.Build.0 = Release|Any CPU
		{1A70084D-4127-431C-B9CF-63F1D7369A7D}.Debug|Any CPU.ActiveCfg = Debug|Any CPU
		{1A70084D-4127-431C-B9CF-63F1D7369A7D}.Debug|Any CPU.Build.0 = Debug|Any CPU
		{1A70084D-4127-431C-B9CF-63F1D7369A7D}.Release|Any CPU.ActiveCfg = Release|Any CPU
		{1A70084D-4127-431C-B9CF-63F1D7369A7D}.Release|Any CPU.Build.0 = Release|Any CPU
	EndGlobalSection
EndGlobal
